
Microsoft Visual Studio Solution File, Format Version 12.00
# Visual Studio Version 17
VisualStudioVersion = 17.5.002.0
MinimumVisualStudioVersion = 10.0.40219.1
Project("{9A19103F-16F7-4668-BE54-9A1E7A4F7556}") = "ContosoPetsProject", "ContosoPetsProject.csproj", "{78C7F02F-7476-4530-8B9F-D3280AA31AFF}"
EndProject
Global
	GlobalSection(SolutionConfigurationPlatforms) = preSolution
		Debug|Any CPU = Debug|Any CPU
		Release|Any CPU = Release|Any CPU
	EndGlobalSection
	GlobalSection(ProjectConfigurationPlatforms) = postSolution
		{78C7F02F-7476-4530-8B9F-D3280AA31AFF}.Debug|Any CPU.ActiveCfg = Debug|Any CPU
		{78C7F02F-7476-4530-8B9F-D3280AA31AFF}.Debug|Any CPU.Build.0 = Debug|Any CPU
		{78C7F02F-7476-4530-8B9F-D3280AA31AFF}.Release|Any CPU.ActiveCfg = Release|Any CPU
		{78C7F02F-7476-4530-8B9F-D3280AA31AFF}.Release|Any CPU.Build.0 = Release|Any CPU
	EndGlobalSection
	GlobalSection(SolutionProperties) = preSolution
		HideSolutionNode = FALSE
	EndGlobalSection
	GlobalSection(ExtensibilityGlobals) = postSolution
		SolutionGuid = {CC89B3AF-F37D-410D-AC7D-38601D9AF2A0}
	EndGlobalSection
EndGlobal
